
Microsoft Visual Studio Solution File, Format Version 12.00
# Visual Studio Version 17
VisualStudioVersion = 17.8.34408.163
MinimumVisualStudioVersion = 10.0.40219.1
Project("{FAE04EC0-301F-11D3-BF4B-00C04F79EFBC}") = "companyManagementAPI", "companyManagementAPI\companyManagementAPI.csproj", "{53D44EEF-5C22-44F9-90B8-4E343204B3E8}"
EndProject
Global
	GlobalSection(SolutionConfigurationPlatforms) = preSolution
		Debug|Any CPU = Debug|Any CPU
		Release|Any CPU = Release|Any CPU
	EndGlobalSection
	GlobalSection(ProjectConfigurationPlatforms) = postSolution
		{53D44EEF-5C22-44F9-90B8-4E343204B3E8}.Debug|Any CPU.ActiveCfg = Debug|Any CPU
		{53D44EEF-5C22-44F9-90B8-4E343204B3E8}.Debug|Any CPU.Build.0 = Debug|Any CPU
		{53D44EEF-5C22-44F9-90B8-4E343204B3E8}.Release|Any CPU.ActiveCfg = Release|Any CPU
		{53D44EEF-5C22-44F9-90B8-4E343204B3E8}.Release|Any CPU.Build.0 = Release|Any CPU
	EndGlobalSection
	GlobalSection(SolutionProperties) = preSolution
		HideSolutionNode = FALSE
	EndGlobalSection
	GlobalSection(ExtensibilityGlobals) = postSolution
		SolutionGuid = {AA49A188-4BE4-41C1-BBA6-9F90D7886E21}
	EndGlobalSection
EndGlobal
